PODS:
  - RxCocoa (4.1.1):
    - RxSwift (~> 4.0)
  - RxSwift (4.1.1)
  - RxTest (4.0.0):
    - RxSwift (~> 4.0)
  - SodiumSwift (1.0.0)

DEPENDENCIES:
  - RxCocoa
  - RxSwift
  - RxTest
  - SodiumSwift

SPEC CHECKSUMS:
  RxCocoa: fd0862fd2df95fa55562ad28ffd2522c25eb4a85
  RxSwift: c6e3b1c7b325c7d121cd4327e9d98b7ed746b570
  RxTest: 0041e792cede35e53e4749f378d21482af0e9d12
  SodiumSwift: 5f998cba9063df81714a50ab84ea68e371c1ff85

PODFILE CHECKSUM: 1a447dbc15eb54b1af4ea196a2a130fa8eeff242

COCOAPODS: 1.4.0
